// !$*UTF8*$!
{
	archiveVersion = 1;
	classes = {
	};
	objectVersion = 46;
	objects = {

/* Begin PBXBuildFile section */
		107AB8CF1D508AAB00EBDD9A /* UIImage+UIImageCategory.m in Sources */ = {isa = PBXBuildFile; fileRef = 107AB8CE1D508AAB00EBDD9A /* UIImage+UIImageCategory.m */; };
		107AB8D71D508ACE00EBDD9A /* backButtonBlue.png in Resources */ = {isa = PBXBuildFile; fileRef = 107AB8D01D508ACE00EBDD9A /* backButtonBlue.png */; };
		107AB8D81D508ACE00EBDD9A /* crossCircleBlue.png in Resources */ = {isa = PBXBuildFile; fileRef = 107AB8D11D508ACE00EBDD9A /* crossCircleBlue.png */; };
		107AB8D91D508ACE00EBDD9A /* launchImage.png in Resources */ = {isa = PBXBuildFile; fileRef = 107AB8D21D508ACE00EBDD9A /* launchImage.png */; };
		107AB8DA1D508ACE00EBDD9A /* loadingImage.tiff in Resources */ = {isa = PBXBuildFile; fileRef = 107AB8D31D508ACE00EBDD9A /* loadingImage.tiff */; };
		107AB8DB1D508ACE00EBDD9A /* loginGif.gif in Resources */ = {isa = PBXBuildFile; fileRef = 107AB8D41D508ACE00EBDD9A /* loginGif.gif */; };
		107AB8DC1D508ACE00EBDD9A /* withoutLoginBackground.png in Resources */ = {isa = PBXBuildFile; fileRef = 107AB8D51D508ACE00EBDD9A /* withoutLoginBackground.png */; };
		107AB8DD1D508ACE00EBDD9A /* yahooBackground.png in Resources */ = {isa = PBXBuildFile; fileRef = 107AB8D61D508ACE00EBDD9A /* yahooBackground.png */; };
		107AB8E11D508AFA00EBDD9A /* LaunchScreen.storyboard in Resources */ = {isa = PBXBuildFile; fileRef = 107AB8DF1D508AFA00EBDD9A /* LaunchScreen.storyboard */; };
		107AB8E21D508AFA00EBDD9A /* Main.storyboard in Resources */ = {isa = PBXBuildFile; fileRef = 107AB8E01D508AFA00EBDD9A /* Main.storyboard */; };
		107AB8E61D508BEB00EBDD9A /* Media.xcassets in Resources */ = {isa = PBXBuildFile; fileRef = 107AB8E51D508BEB00EBDD9A /* Media.xcassets */; };
		10B203351D50838400CB12EE /* main.m in Sources */ = {isa = PBXBuildFile; fileRef = 10B203341D50838400CB12EE /* main.m */; };
		10B203381D50838400CB12EE /* AppDelegate.m in Sources */ = {isa = PBXBuildFile; fileRef = 10B203371D50838400CB12EE /* AppDelegate.m */; };
		10B203411D50838400CB12EE /* ViewrForFlickrFinal.xcdatamodeld in Sources */ = {isa = PBXBuildFile; fileRef = 10B2033F1D50838400CB12EE /* ViewrForFlickrFinal.xcdatamodeld */; };
		10B203511D50838400CB12EE /* ViewrForFlickrFinalTests.m in Sources */ = {isa = PBXBuildFile; fileRef = 10B203501D50838400CB12EE /* ViewrForFlickrFinalTests.m */; };
		10B2035C1D50838500CB12EE /* ViewrForFlickrFinalUITests.m in Sources */ = {isa = PBXBuildFile; fileRef = 10B2035B1D50838500CB12EE /* ViewrForFlickrFinalUITests.m */; };
		10B203771D50860A00CB12EE /* ADFavouritesController.m in Sources */ = {isa = PBXBuildFile; fileRef = 10B2036A1D50860900CB12EE /* ADFavouritesController.m */; };
		10B203781D50860A00CB12EE /* ADLoginScreenController.m in Sources */ = {isa = PBXBuildFile; fileRef = 10B2036C1D50860900CB12EE /* ADLoginScreenController.m */; };
		10B203791D50860A00CB12EE /* ADMainScreenController.m in Sources */ = {isa = PBXBuildFile; fileRef = 10B2036E1D50860900CB12EE /* ADMainScreenController.m */; };
		10B2037A1D50860A00CB12EE /* ADMoreController.m in Sources */ = {isa = PBXBuildFile; fileRef = 10B203701D50860900CB12EE /* ADMoreController.m */; };
		10B2037B1D50860A00CB12EE /* ADMyAlbumsController.m in Sources */ = {isa = PBXBuildFile; fileRef = 10B203721D50860900CB12EE /* ADMyAlbumsController.m */; };
		10B2037C1D50860A00CB12EE /* ADServerManager.m in Sources */ = {isa = PBXBuildFile; fileRef = 10B203741D50860900CB12EE /* ADServerManager.m */; };
		10B2037D1D50860A00CB12EE /* ADTrandingController.m in Sources */ = {isa = PBXBuildFile; fileRef = 10B203761D50860900CB12EE /* ADTrandingController.m */; };
		10B203881D50870600CB12EE /* ADAuthViewController.m in Sources */ = {isa = PBXBuildFile; fileRef = 10B203871D50870600CB12EE /* ADAuthViewController.m */; };
		10B2038E1D50883900CB12EE /* ADExploreController.m in Sources */ = {isa = PBXBuildFile; fileRef = 10B2038D1D50883900CB12EE /* ADExploreController.m */; };
/* End PBXBuildFile section */

/* Begin PBXContainerItemProxy section */
		10B2034D1D50838400CB12EE /* PBXContainerItemProxy */ = {
			isa = PBXContainerItemProxy;
			containerPortal = 10B203281D50838300CB12EE /* Project object */;
			proxyType = 1;
			remoteGlobalIDString = 10B2032F1D50838400CB12EE;
			remoteInfo = ViewrForFlickrFinal;
		};
		10B203581D50838500CB12EE /* PBXContainerItemProxy */ = {
			isa = PBXContainerItemProxy;
			containerPortal = 10B203281D50838300CB12EE /* Project object */;
			proxyType = 1;
			remoteGlobalIDString = 10B2032F1D50838400CB12EE;
			remoteInfo = ViewrForFlickrFinal;
		};
/* End PBXContainerItemProxy section */

/* Begin PBXFileReference section */
		107AB8CC1D508A8000EBDD9A /* NSLayoutConstraint_MyExt.h */ = {isa = PBXFileReference; fileEncoding = 4; lastKnownFileType = sourcecode.c.h; path = NSLayoutConstraint_MyExt.h; sourceTree = "<group>"; };
		107AB8CD1D508AAB00EBDD9A /* UIImage+UIImageCategory.h */ = {isa = PBXFileReference; fileEncoding = 4; lastKnownFileType = sourcecode.c.h; path = "UIImage+UIImageCategory.h"; sourceTree = "<group>"; };
		107AB8CE1D508AAB00EBDD9A /* UIImage+UIImageCategory.m */ = {isa = PBXFileReference; fileEncoding = 4; lastKnownFileType = sourcecode.c.objc; path = "UIImage+UIImageCategory.m"; sourceTree = "<group>"; };
		107AB8D01D508ACE00EBDD9A /* backButtonBlue.png */ = {isa = PBXFileReference; lastKnownFileType = image.png; path = backButtonBlue.png; sourceTree = "<group>"; };
		107AB8D11D508ACE00EBDD9A /* crossCircleBlue.png */ = {isa = PBXFileReference; lastKnownFileType = image.png; path = crossCircleBlue.png; sourceTree = "<group>"; };
		107AB8D21D508ACE00EBDD9A /* launchImage.png */ = {isa = PBXFileReference; lastKnownFileType = image.png; path = launchImage.png; sourceTree = "<group>"; };
		107AB8D31D508ACE00EBDD9A /* loadingImage.tiff */ = {isa = PBXFileReference; lastKnownFileType = image.tiff; path = loadingImage.tiff; sourceTree = "<group>"; };
		107AB8D41D508ACE00EBDD9A /* loginGif.gif */ = {isa = PBXFileReference; lastKnownFileType = image.gif; path = loginGif.gif; sourceTree = "<group>"; };
		107AB8D51D508ACE00EBDD9A /* withoutLoginBackground.png */ = {isa = PBXFileReference; lastKnownFileType = image.png; path = withoutLoginBackground.png; sourceTree = "<group>"; };
		107AB8D61D508ACE00EBDD9A /* yahooBackground.png */ = {isa = PBXFileReference; lastKnownFileType = image.png; path = yahooBackground.png; sourceTree = "<group>"; };
		107AB8DF1D508AFA00EBDD9A /* LaunchScreen.storyboard */ = {isa = PBXFileReference; fileEncoding = 4; lastKnownFileType = file.storyboard; name = LaunchScreen.storyboard; path = ../LaunchScreen.storyboard; sourceTree = "<group>"; };
		107AB8E01D508AFA00EBDD9A /* Main.storyboard */ = {isa = PBXFileReference; fileEncoding = 4; lastKnownFileType = file.storyboard; name = Main.storyboard; path = ../Main.storyboard; sourceTree = "<group>"; };
		107AB8E51D508BEB00EBDD9A /* Media.xcassets */ = {isa = PBXFileReference; lastKnownFileType = folder.assetcatalog; path = Media.xcassets; sourceTree = "<group>"; };
		10B203301D50838400CB12EE /* ViewrForFlickrFinal.app */ = {isa = PBXFileReference; explicitFileType = wrapper.application; includeInIndex = 0; path = ViewrForFlickrFinal.app; sourceTree = BUILT_PRODUCTS_DIR; };
		10B203341D50838400CB12EE /* main.m */ = {isa = PBXFileReference; lastKnownFileType = sourcecode.c.objc; path = main.m; sourceTree = "<group>"; };
		10B203361D50838400CB12EE /* AppDelegate.h */ = {isa = PBXFileReference; lastKnownFileType = sourcecode.c.h; path = AppDelegate.h; sourceTree = "<group>"; };
		10B203371D50838400CB12EE /* AppDelegate.m */ = {isa = PBXFileReference; lastKnownFileType = sourcecode.c.objc; path = AppDelegate.m; sourceTree = "<group>"; };
		10B203401D50838400CB12EE /* ViewrForFlickrFinal.xcdatamodel */ = {isa = PBXFileReference; lastKnownFileType = wrapper.xcdatamodel; path = ViewrForFlickrFinal.xcdatamodel; sourceTree = "<group>"; };
		10B203471D50838400CB12EE /* Info.plist */ = {isa = PBXFileReference; lastKnownFileType = text.plist.xml; path = Info.plist; sourceTree = "<group>"; };
		10B2034C1D50838400CB12EE /* ViewrForFlickrFinalTests.xctest */ = {isa = PBXFileReference; explicitFileType = wrapper.cfbundle; includeInIndex = 0; path = ViewrForFlickrFinalTests.xctest; sourceTree = BUILT_PRODUCTS_DIR; };
		10B203501D50838400CB12EE /* ViewrForFlickrFinalTests.m */ = {isa = PBXFileReference; lastKnownFileType = sourcecode.c.objc; path = ViewrForFlickrFinalTests.m; sourceTree = "<group>"; };
		10B203521D50838400CB12EE /* Info.plist */ = {isa = PBXFileReference; lastKnownFileType = text.plist.xml; path = Info.plist; sourceTree = "<group>"; };
		10B203571D50838500CB12EE /* ViewrForFlickrFinalUITests.xctest */ = {isa = PBXFileReference; explicitFileType = wrapper.cfbundle; includeInIndex = 0; path = ViewrForFlickrFinalUITests.xctest; sourceTree = BUILT_PRODUCTS_DIR; };
		10B2035B1D50838500CB12EE /* ViewrForFlickrFinalUITests.m */ = {isa = PBXFileReference; lastKnownFileType = sourcecode.c.objc; path = ViewrForFlickrFinalUITests.m; sourceTree = "<group>"; };
		10B2035D1D50838500CB12EE /* Info.plist */ = {isa = PBXFileReference; lastKnownFileType = text.plist.xml; path = Info.plist; sourceTree = "<group>"; };
		10B203691D50860900CB12EE /* ADFavouritesController.h */ = {isa = PBXFileReference; fileEncoding = 4; lastKnownFileType = sourcecode.c.h; path = ADFavouritesController.h; sourceTree = "<group>"; };
		10B2036A1D50860900CB12EE /* ADFavouritesController.m */ = {isa = PBXFileReference; fileEncoding = 4; lastKnownFileType = sourcecode.c.objc; path = ADFavouritesController.m; sourceTree = "<group>"; };
		10B2036B1D50860900CB12EE /* ADLoginScreenController.h */ = {isa = PBXFileReference; fileEncoding = 4; lastKnownFileType = sourcecode.c.h; path = ADLoginScreenController.h; sourceTree = "<group>"; };
		10B2036C1D50860900CB12EE /* ADLoginScreenController.m */ = {isa = PBXFileReference; fileEncoding = 4; lastKnownFileType = sourcecode.c.objc; path = ADLoginScreenController.m; sourceTree = "<group>"; };
		10B2036D1D50860900CB12EE /* ADMainScreenController.h */ = {isa = PBXFileReference; fileEncoding = 4; lastKnownFileType = sourcecode.c.h; path = ADMainScreenController.h; sourceTree = "<group>"; };
		10B2036E1D50860900CB12EE /* ADMainScreenController.m */ = {isa = PBXFileReference; fileEncoding = 4; lastKnownFileType = sourcecode.c.objc; path = ADMainScreenController.m; sourceTree = "<group>"; };
		10B2036F1D50860900CB12EE /* ADMoreController.h */ = {isa = PBXFileReference; fileEncoding = 4; lastKnownFileType = sourcecode.c.h; path = ADMoreController.h; sourceTree = "<group>"; };
		10B203701D50860900CB12EE /* ADMoreController.m */ = {isa = PBXFileReference; fileEncoding = 4; lastKnownFileType = sourcecode.c.objc; path = ADMoreController.m; sourceTree = "<group>"; };
		10B203711D50860900CB12EE /* ADMyAlbumsController.h */ = {isa = PBXFileReference; fileEncoding = 4; lastKnownFileType = sourcecode.c.h; path = ADMyAlbumsController.h; sourceTree = "<group>"; };
		10B203721D50860900CB12EE /* ADMyAlbumsController.m */ = {isa = PBXFileReference; fileEncoding = 4; lastKnownFileType = sourcecode.c.objc; path = ADMyAlbumsController.m; sourceTree = "<group>"; };
		10B203731D50860900CB12EE /* ADServerManager.h */ = {isa = PBXFileReference; fileEncoding = 4; lastKnownFileType = sourcecode.c.h; path = ADServerManager.h; sourceTree = "<group>"; };
		10B203741D50860900CB12EE /* ADServerManager.m */ = {isa = PBXFileReference; fileEncoding = 4; lastKnownFileType = sourcecode.c.objc; path = ADServerManager.m; sourceTree = "<group>"; };
		10B203751D50860900CB12EE /* ADTrandingController.h */ = {isa = PBXFileReference; fileEncoding = 4; lastKnownFileType = sourcecode.c.h; path = ADTrandingController.h; sourceTree = "<group>"; };
		10B203761D50860900CB12EE /* ADTrandingController.m */ = {isa = PBXFileReference; fileEncoding = 4; lastKnownFileType = sourcecode.c.objc; path = ADTrandingController.m; sourceTree = "<group>"; };
		10B203861D50870600CB12EE /* ADAuthViewController.h */ = {isa = PBXFileReference; fileEncoding = 4; lastKnownFileType = sourcecode.c.h; path = ADAuthViewController.h; sourceTree = "<group>"; };
		10B203871D50870600CB12EE /* ADAuthViewController.m */ = {isa = PBXFileReference; fileEncoding = 4; lastKnownFileType = sourcecode.c.objc; path = ADAuthViewController.m; sourceTree = "<group>"; };
		10B2038C1D50883900CB12EE /* ADExploreController.h */ = {isa = PBXFileReference; fileEncoding = 4; lastKnownFileType = sourcecode.c.h; path = ADExploreController.h; sourceTree = "<group>"; };
		10B2038D1D50883900CB12EE /* ADExploreController.m */ = {isa = PBXFileReference; fileEncoding = 4; lastKnownFileType = sourcecode.c.objc; path = ADExploreController.m; sourceTree = "<group>"; };
/* End PBXFileReference section */

/* Begin PBXFrameworksBuildPhase section */
		10B2032D1D50838400CB12EE /* Frameworks */ = {
			isa = PBXFrameworksBuildPhase;
			buildActionMask = 2147483647;
			files = (
			);
			runOnlyForDeploymentPostprocessing = 0;
		};
		10B203491D50838400CB12EE /* Frameworks */ = {
			isa = PBXFrameworksBuildPhase;
			buildActionMask = 2147483647;
			files = (
			);
			runOnlyForDeploymentPostprocessing = 0;
		};
		10B203541D50838500CB12EE /* Frameworks */ = {
			isa = PBXFrameworksBuildPhase;
			buildActionMask = 2147483647;
			files = (
			);
			runOnlyForDeploymentPostprocessing = 0;
		};
/* End PBXFrameworksBuildPhase section */

/* Begin PBXGroup section */
		107A9E991D50890200EBDD9A /* App Delegate */ = {
			isa = PBXGroup;
			children = (
				10B203361D50838400CB12EE /* AppDelegate.h */,
				10B203371D50838400CB12EE /* AppDelegate.m */,
			);
			name = "App Delegate";
			sourceTree = "<group>";
		};
		107AB8DE1D508AD700EBDD9A /* Images */ = {
			isa = PBXGroup;
			children = (
				107AB8D01D508ACE00EBDD9A /* backButtonBlue.png */,
				107AB8D11D508ACE00EBDD9A /* crossCircleBlue.png */,
				107AB8D21D508ACE00EBDD9A /* launchImage.png */,
				107AB8D31D508ACE00EBDD9A /* loadingImage.tiff */,
				107AB8D41D508ACE00EBDD9A /* loginGif.gif */,
				107AB8D51D508ACE00EBDD9A /* withoutLoginBackground.png */,
				107AB8D61D508ACE00EBDD9A /* yahooBackground.png */,
			);
			name = Images;
			path = ..;
			sourceTree = "<group>";
		};
		107AB8E31D508B1400EBDD9A /* User Interface */ = {
			isa = PBXGroup;
			children = (
				107AB8DE1D508AD700EBDD9A /* Images */,
				107AB8E41D508B6C00EBDD9A /* UIImage Category */,
				107AB8E01D508AFA00EBDD9A /* Main.storyboard */,
				107AB8DF1D508AFA00EBDD9A /* LaunchScreen.storyboard */,
				107AB8E51D508BEB00EBDD9A /* Media.xcassets */,
				107AB8CC1D508A8000EBDD9A /* NSLayoutConstraint_MyExt.h */,
			);
			name = "User Interface";
			sourceTree = "<group>";
		};
		107AB8E41D508B6C00EBDD9A /* UIImage Category */ = {
			isa = PBXGroup;
			children = (
				107AB8CD1D508AAB00EBDD9A /* UIImage+UIImageCategory.h */,
				107AB8CE1D508AAB00EBDD9A /* UIImage+UIImageCategory.m */,
			);
			name = "UIImage Category";
			path = ..;
			sourceTree = "<group>";
		};
		10B203271D50838300CB12EE = {
			isa = PBXGroup;
			children = (
				10B203321D50838400CB12EE /* ViewrForFlickrFinal */,
				10B2034F1D50838400CB12EE /* ViewrForFlickrFinalTests */,
				10B2035A1D50838500CB12EE /* ViewrForFlickrFinalUITests */,
				10B203311D50838400CB12EE /* Products */,
			);
			sourceTree = "<group>";
		};
		10B203311D50838400CB12EE /* Products */ = {
			isa = PBXGroup;
			children = (
				10B203301D50838400CB12EE /* ViewrForFlickrFinal.app */,
				10B2034C1D50838400CB12EE /* ViewrForFlickrFinalTests.xctest */,
				10B203571D50838500CB12EE /* ViewrForFlickrFinalUITests.xctest */,
			);
			name = Products;
			sourceTree = "<group>";
		};
		10B203321D50838400CB12EE /* ViewrForFlickrFinal */ = {
			isa = PBXGroup;
			children = (
				107A9E991D50890200EBDD9A /* App Delegate */,
				10B2037E1D50866B00CB12EE /* View Controllers */,
				107AB8E31D508B1400EBDD9A /* User Interface */,
				10B203471D50838400CB12EE /* Info.plist */,
				10B2033F1D50838400CB12EE /* ViewrForFlickrFinal.xcdatamodeld */,
				10B203331D50838400CB12EE /* Supporting Files */,
			);
			path = ViewrForFlickrFinal;
			sourceTree = "<group>";
		};
		10B203331D50838400CB12EE /* Supporting Files */ = {
			isa = PBXGroup;
			children = (
				10B203341D50838400CB12EE /* main.m */,
			);
			name = "Supporting Files";
			sourceTree = "<group>";
		};
		10B2034F1D50838400CB12EE /* ViewrForFlickrFinalTests */ = {
			isa = PBXGroup;
			children = (
				10B203501D50838400CB12EE /* ViewrForFlickrFinalTests.m */,
				10B203521D50838400CB12EE /* Info.plist */,
			);
			path = ViewrForFlickrFinalTests;
			sourceTree = "<group>";
		};
		10B2035A1D50838500CB12EE /* ViewrForFlickrFinalUITests */ = {
			isa = PBXGroup;
			children = (
				10B2035B1D50838500CB12EE /* ViewrForFlickrFinalUITests.m */,
				10B2035D1D50838500CB12EE /* Info.plist */,
			);
			path = ViewrForFlickrFinalUITests;
			sourceTree = "<group>";
		};
		10B2037E1D50866B00CB12EE /* View Controllers */ = {
			isa = PBXGroup;
			children = (
				10B203841D5086D400CB12EE /* Server Manager */,
				10B203851D5086E600CB12EE /* Login */,
				10B203891D50870E00CB12EE /* Authorization */,
				10B2037F1D50868700CB12EE /* Main Screen */,
				10B2038A1D50873300CB12EE /* W/O Auth Screen */,
			);
			name = "View Controllers";
			sourceTree = "<group>";
		};
		10B2037F1D50868700CB12EE /* Main Screen */ = {
			isa = PBXGroup;
			children = (
				10B2036D1D50860900CB12EE /* ADMainScreenController.h */,
				10B2036E1D50860900CB12EE /* ADMainScreenController.m */,
				10B203821D5086A200CB12EE /* My Albums */,
				10B203801D50869700CB12EE /* Favourites */,
				10B2038B1D50877800CB12EE /* Explore */,
				10B203831D5086A900CB12EE /* Trending */,
				10B203811D50869D00CB12EE /* More */,
			);
			name = "Main Screen";
			sourceTree = "<group>";
		};
		10B203801D50869700CB12EE /* Favourites */ = {
			isa = PBXGroup;
			children = (
				10B203691D50860900CB12EE /* ADFavouritesController.h */,
				10B2036A1D50860900CB12EE /* ADFavouritesController.m */,
			);
			name = Favourites;
			sourceTree = "<group>";
		};
		10B203811D50869D00CB12EE /* More */ = {
			isa = PBXGroup;
			children = (
				10B2036F1D50860900CB12EE /* ADMoreController.h */,
				10B203701D50860900CB12EE /* ADMoreController.m */,
			);
			name = More;
			sourceTree = "<group>";
		};
		10B203821D5086A200CB12EE /* My Albums */ = {
			isa = PBXGroup;
			children = (
				10B203711D50860900CB12EE /* ADMyAlbumsController.h */,
				10B203721D50860900CB12EE /* ADMyAlbumsController.m */,
			);
			name = "My Albums";
			sourceTree = "<group>";
		};
		10B203831D5086A900CB12EE /* Trending */ = {
			isa = PBXGroup;
			children = (
				10B203751D50860900CB12EE /* ADTrandingController.h */,
				10B203761D50860900CB12EE /* ADTrandingController.m */,
			);
			name = Trending;
			sourceTree = "<group>";
		};
		10B203841D5086D400CB12EE /* Server Manager */ = {
			isa = PBXGroup;
			children = (
				10B203731D50860900CB12EE /* ADServerManager.h */,
				10B203741D50860900CB12EE /* ADServerManager.m */,
			);
			name = "Server Manager";
			sourceTree = "<group>";
		};
		10B203851D5086E600CB12EE /* Login */ = {
			isa = PBXGroup;
			children = (
				10B2036B1D50860900CB12EE /* ADLoginScreenController.h */,
				10B2036C1D50860900CB12EE /* ADLoginScreenController.m */,
			);
			name = Login;
			sourceTree = "<group>";
		};
		10B203891D50870E00CB12EE /* Authorization */ = {
			isa = PBXGroup;
			children = (
				10B203861D50870600CB12EE /* ADAuthViewController.h */,
				10B203871D50870600CB12EE /* ADAuthViewController.m */,
			);
			name = Authorization;
			path = ..;
			sourceTree = "<group>";
		};
		10B2038A1D50873300CB12EE /* W/O Auth Screen */ = {
			isa = PBXGroup;
			children = (
			);
			name = "W/O Auth Screen";
			sourceTree = "<group>";
		};
		10B2038B1D50877800CB12EE /* Explore */ = {
			isa = PBXGroup;
			children = (
				10B2038C1D50883900CB12EE /* ADExploreController.h */,
				10B2038D1D50883900CB12EE /* ADExploreController.m */,
			);
			name = Explore;
			sourceTree = "<group>";
		};
/* End PBXGroup section */

/* Begin PBXNativeTarget section */
		10B2032F1D50838400CB12EE /* ViewrForFlickrFinal */ = {
			isa = PBXNativeTarget;
			buildConfigurationList = 10B203601D50838500CB12EE /* Build configuration list for PBXNativeTarget "ViewrForFlickrFinal" */;
			buildPhases = (
				10B2032C1D50838400CB12EE /* Sources */,
				10B2032D1D50838400CB12EE /* Frameworks */,
				10B2032E1D50838400CB12EE /* Resources */,
			);
			buildRules = (
			);
			dependencies = (
			);
			name = ViewrForFlickrFinal;
			productName = ViewrForFlickrFinal;
			productReference = 10B203301D50838400CB12EE /* ViewrForFlickrFinal.app */;
			productType = "com.apple.product-type.application";
		};
		10B2034B1D50838400CB12EE /* ViewrForFlickrFinalTests */ = {
			isa = PBXNativeTarget;
			buildConfigurationList = 10B203631D50838500CB12EE /* Build configuration list for PBXNativeTarget "ViewrForFlickrFinalTests" */;
			buildPhases = (
				10B203481D50838400CB12EE /* Sources */,
				10B203491D50838400CB12EE /* Frameworks */,
				10B2034A1D50838400CB12EE /* Resources */,
			);
			buildRules = (
			);
			dependencies = (
				10B2034E1D50838400CB12EE /* PBXTargetDependency */,
			);
			name = ViewrForFlickrFinalTests;
			productName = ViewrForFlickrFinalTests;
			productReference = 10B2034C1D50838400CB12EE /* ViewrForFlickrFinalTests.xctest */;
			productType = "com.apple.product-type.bundle.unit-test";
		};
		10B203561D50838500CB12EE /* ViewrForFlickrFinalUITests */ = {
			isa = PBXNativeTarget;
			buildConfigurationList = 10B203661D50838500CB12EE /* Build configuration list for PBXNativeTarget "ViewrForFlickrFinalUITests" */;
			buildPhases = (
				10B203531D50838500CB12EE /* Sources */,
				10B203541D50838500CB12EE /* Frameworks */,
				10B203551D50838500CB12EE /* Resources */,
			);
			buildRules = (
			);
			dependencies = (
				10B203591D50838500CB12EE /* PBXTargetDependency */,
			);
			name = ViewrForFlickrFinalUITests;
			productName = ViewrForFlickrFinalUITests;
			productReference = 10B203571D50838500CB12EE /* ViewrForFlickrFinalUITests.xctest */;
			productType = "com.apple.product-type.bundle.ui-testing";
		};
/* End PBXNativeTarget section */

/* Begin PBXProject section */
		10B203281D50838300CB12EE /* Project object */ = {
			isa = PBXProject;
			attributes = {
				LastUpgradeCheck = 0730;
				ORGANIZATIONNAME = deadjay;
				TargetAttributes = {
					10B2032F1D50838400CB12EE = {
						CreatedOnToolsVersion = 7.3.1;
					};
					10B2034B1D50838400CB12EE = {
						CreatedOnToolsVersion = 7.3.1;
						TestTargetID = 10B2032F1D50838400CB12EE;
					};
					10B203561D50838500CB12EE = {
						CreatedOnToolsVersion = 7.3.1;
						TestTargetID = 10B2032F1D50838400CB12EE;
					};
				};
			};
			buildConfigurationList = 10B2032B1D50838300CB12EE /* Build configuration list for PBXProject "ViewrForFlickrFinal" */;
			compatibilityVersion = "Xcode 3.2";
			developmentRegion = English;
			hasScannedForEncodings = 0;
			knownRegions = (
				en,
				Base,
			);
			mainGroup = 10B203271D50838300CB12EE;
			productRefGroup = 10B203311D50838400CB12EE /* Products */;
			projectDirPath = "";
			projectRoot = "";
			targets = (
				10B2032F1D50838400CB12EE /* ViewrForFlickrFinal */,
				10B2034B1D50838400CB12EE /* ViewrForFlickrFinalTests */,
				10B203561D50838500CB12EE /* ViewrForFlickrFinalUITests */,
			);
		};
/* End PBXProject section */

/* Begin PBXResourcesBuildPhase section */
		10B2032E1D50838400CB12EE /* Resources */ = {
			isa = PBXResourcesBuildPhase;
			buildActionMask = 2147483647;
			files = (
				107AB8E61D508BEB00EBDD9A /* Media.xcassets in Resources */,
				107AB8DD1D508ACE00EBDD9A /* yahooBackground.png in Resources */,
				107AB8E11D508AFA00EBDD9A /* LaunchScreen.storyboard in Resources */,
				107AB8D91D508ACE00EBDD9A /* launchImage.png in Resources */,
				107AB8DA1D508ACE00EBDD9A /* loadingImage.tiff in Resources */,
				107AB8DB1D508ACE00EBDD9A /* loginGif.gif in Resources */,
				107AB8D81D508ACE00EBDD9A /* crossCircleBlue.png in Resources */,
				107AB8E21D508AFA00EBDD9A /* Main.storyboard in Resources */,
				107AB8DC1D508ACE00EBDD9A /* withoutLoginBackground.png in Resources */,
				107AB8D71D508ACE00EBDD9A /* backButtonBlue.png in Resources */,
			);
			runOnlyForDeploymentPostprocessing = 0;
		};
		10B2034A1D50838400CB12EE /* Resources */ = {
			isa = PBXResourcesBuildPhase;
			buildActionMask = 2147483647;
			files = (
			);
			runOnlyForDeploymentPostprocessing = 0;
		};
		10B203551D50838500CB12EE /* Resources */ = {
			isa = PBXResourcesBuildPhase;
			buildActionMask = 2147483647;
			files = (
			);
			runOnlyForDeploymentPostprocessing = 0;
		};
/* End PBXResourcesBuildPhase section */

/* Begin PBXSourcesBuildPhase section */
		10B2032C1D50838400CB12EE /* Sources */ = {
			isa = PBXSourcesBuildPhase;
			buildActionMask = 2147483647;
			files = (
				10B2037A1D50860A00CB12EE /* ADMoreController.m in Sources */,
				10B203771D50860A00CB12EE /* ADFavouritesController.m in Sources */,
				10B203381D50838400CB12EE /* AppDelegate.m in Sources */,
				10B2037C1D50860A00CB12EE /* ADServerManager.m in Sources */,
				10B2038E1D50883900CB12EE /* ADExploreController.m in Sources */,
				10B203781D50860A00CB12EE /* ADLoginScreenController.m in Sources */,
				10B203881D50870600CB12EE /* ADAuthViewController.m in Sources */,
				10B2037D1D50860A00CB12EE /* ADTrandingController.m in Sources */,
				10B2037B1D50860A00CB12EE /* ADMyAlbumsController.m in Sources */,
				10B203411D50838400CB12EE /* ViewrForFlickrFinal.xcdatamodeld in Sources */,
				107AB8CF1D508AAB00EBDD9A /* UIImage+UIImageCategory.m in Sources */,
				10B203351D50838400CB12EE /* main.m in Sources */,
				10B203791D50860A00CB12EE /* ADMainScreenController.m in Sources */,
			);
			runOnlyForDeploymentPostprocessing = 0;
		};
		10B203481D50838400CB12EE /* Sources */ = {
			isa = PBXSourcesBuildPhase;
			buildActionMask = 2147483647;
			files = (
				10B203511D50838400CB12EE /* ViewrForFlickrFinalTests.m in Sources */,
			);
			runOnlyForDeploymentPostprocessing = 0;
		};
		10B203531D50838500CB12EE /* Sources */ = {
			isa = PBXSourcesBuildPhase;
			buildActionMask = 2147483647;
			files = (
				10B2035C1D50838500CB12EE /* ViewrForFlickrFinalUITests.m in Sources */,
			);
			runOnlyForDeploymentPostprocessing = 0;
		};
/* End PBXSourcesBuildPhase section */

/* Begin PBXTargetDependency section */
		10B2034E1D50838400CB12EE /* PBXTargetDependency */ = {
			isa = PBXTargetDependency;
			target = 10B2032F1D50838400CB12EE /* ViewrForFlickrFinal */;
			targetProxy = 10B2034D1D50838400CB12EE /* PBXContainerItemProxy */;
		};
		10B203591D50838500CB12EE /* PBXTargetDependency */ = {
			isa = PBXTargetDependency;
			target = 10B2032F1D50838400CB12EE /* ViewrForFlickrFinal */;
			targetProxy = 10B203581D50838500CB12EE /* PBXContainerItemProxy */;
		};
/* End PBXTargetDependency section */

/* Begin XCBuildConfiguration section */
		10B2035E1D50838500CB12EE /* Debug */ = {
			isa = XCBuildConfiguration;
			buildSettings = {
				ALWAYS_SEARCH_USER_PATHS = NO;
				CLANG_ANALYZER_NONNULL = YES;
				CLANG_CXX_LANGUAGE_STANDARD = "gnu++0x";
				CLANG_CXX_LIBRARY = "libc++";
				CLANG_ENABLE_MODULES = YES;
				CLANG_ENABLE_OBJC_ARC = YES;
				CLANG_WARN_BOOL_CONVERSION = YES;
				CLANG_WARN_CONSTANT_CONVERSION = YES;
				CLANG_WARN_DIRECT_OBJC_ISA_USAGE = YES_ERROR;
				CLANG_WARN_EMPTY_BODY = YES;
				CLANG_WARN_ENUM_CONVERSION = YES;
				CLANG_WARN_INT_CONVERSION = YES;
				CLANG_WARN_OBJC_ROOT_CLASS = YES_ERROR;
				CLANG_WARN_UNREACHABLE_CODE = YES;
				CLANG_WARN__DUPLICATE_METHOD_MATCH = YES;
				"CODE_SIGN_IDENTITY[sdk=iphoneos*]" = "iPhone Developer";
				COPY_PHASE_STRIP = NO;
				DEBUG_INFORMATION_FORMAT = dwarf;
				ENABLE_STRICT_OBJC_MSGSEND = YES;
				ENABLE_TESTABILITY = YES;
				GCC_C_LANGUAGE_STANDARD = gnu99;
				GCC_DYNAMIC_NO_PIC = NO;
				GCC_NO_COMMON_BLOCKS = YES;
				GCC_OPTIMIZATION_LEVEL = 0;
				GCC_PREPROCESSOR_DEFINITIONS = (
					"DEBUG=1",
					"$(inherited)",
				);
				GCC_WARN_64_TO_32_BIT_CONVERSION = YES;
				GCC_WARN_ABOUT_RETURN_TYPE = YES_ERROR;
				GCC_WARN_UNDECLARED_SELECTOR = YES;
				GCC_WARN_UNINITIALIZED_AUTOS = YES_AGGRESSIVE;
				GCC_WARN_UNUSED_FUNCTION = YES;
				GCC_WARN_UNUSED_VARIABLE = YES;
				IPHONEOS_DEPLOYMENT_TARGET = 9.3;
				MTL_ENABLE_DEBUG_INFO = YES;
				ONLY_ACTIVE_ARCH = YES;
				SDKROOT = iphoneos;
			};
			name = Debug;
		};
		10B2035F1D50838500CB12EE /* Release */ = {
			isa = XCBuildConfiguration;
			buildSettings = {
				ALWAYS_SEARCH_USER_PATHS = NO;
				CLANG_ANALYZER_NONNULL = YES;
				CLANG_CXX_LANGUAGE_STANDARD = "gnu++0x";
				CLANG_CXX_LIBRARY = "libc++";
				CLANG_ENABLE_MODULES = YES;
				CLANG_ENABLE_OBJC_ARC = YES;
				CLANG_WARN_BOOL_CONVERSION = YES;
				CLANG_WARN_CONSTANT_CONVERSION = YES;
				CLANG_WARN_DIRECT_OBJC_ISA_USAGE = YES_ERROR;
				CLANG_WARN_EMPTY_BODY = YES;
				CLANG_WARN_ENUM_CONVERSION = YES;
				CLANG_WARN_INT_CONVERSION = YES;
				CLANG_WARN_OBJC_ROOT_CLASS = YES_ERROR;
				CLANG_WARN_UNREACHABLE_CODE = YES;
				CLANG_WARN__DUPLICATE_METHOD_MATCH = YES;
				"CODE_SIGN_IDENTITY[sdk=iphoneos*]" = "iPhone Developer";
				COPY_PHASE_STRIP = NO;
				DEBUG_INFORMATION_FORMAT = "dwarf-with-dsym";
				ENABLE_NS_ASSERTIONS = NO;
				ENABLE_STRICT_OBJC_MSGSEND = YES;
				GCC_C_LANGUAGE_STANDARD = gnu99;
				GCC_NO_COMMON_BLOCKS = YES;
				GCC_WARN_64_TO_32_BIT_CONVERSION = YES;
				GCC_WARN_ABOUT_RETURN_TYPE = YES_ERROR;
				GCC_WARN_UNDECLARED_SELECTOR = YES;
				GCC_WARN_UNINITIALIZED_AUTOS = YES_AGGRESSIVE;
				GCC_WARN_UNUSED_FUNCTION = YES;
				GCC_WARN_UNUSED_VARIABLE = YES;
				IPHONEOS_DEPLOYMENT_TARGET = 9.3;
				MTL_ENABLE_DEBUG_INFO = NO;
				SDKROOT = iphoneos;
				VALIDATE_PRODUCT = YES;
			};
			name = Release;
		};
		10B203611D50838500CB12EE /* Debug */ = {
			isa = XCBuildConfiguration;
			buildSettings = {
				ASSETCATALOG_COMPILER_APPICON_NAME = AppIcon;
				FRAMEWORK_SEARCH_PATHS = (
					"$(inherited)",
					"$(PROJECT_DIR)/ViewrForFlickr",
					App,
					GIT,
					"2/Code/Examples/firefox-ios-master/ThirdParty/PLCrashReporter",
				);
				INFOPLIST_FILE = ViewrForFlickrFinal/Info.plist;
				LD_RUNPATH_SEARCH_PATHS = "$(inherited) @executable_path/Frameworks";
				LIBRARY_SEARCH_PATHS = (
					"$(inherited)",
					"$(PROJECT_DIR)/ViewrForFlickr",
					App,
					GIT,
					"2/Code/Examples/firefox-ios-master/FxA/FxA/lib",
				);
				PRODUCT_BUNDLE_IDENTIFIER = com.deadjay.ViewrForFlickrFinal;
				PRODUCT_NAME = "$(TARGET_NAME)";
			};
			name = Debug;
		};
		10B203621D50838500CB12EE /* Release */ = {
			isa = XCBuildConfiguration;
			buildSettings = {
				ASSETCATALOG_COMPILER_APPICON_NAME = AppIcon;
				FRAMEWORK_SEARCH_PATHS = (
					"$(inherited)",
					"$(PROJECT_DIR)/ViewrForFlickr",
					App,
					GIT,
					"2/Code/Examples/firefox-ios-master/ThirdParty/PLCrashReporter",
				);
				INFOPLIST_FILE = ViewrForFlickrFinal/Info.plist;
				LD_RUNPATH_SEARCH_PATHS = "$(inherited) @executable_path/Frameworks";
				LIBRARY_SEARCH_PATHS = (
					"$(inherited)",
					"$(PROJECT_DIR)/ViewrForFlickr",
					App,
					GIT,
					"2/Code/Examples/firefox-ios-master/FxA/FxA/lib",
				);
				PRODUCT_BUNDLE_IDENTIFIER = com.deadjay.ViewrForFlickrFinal;
				PRODUCT_NAME = "$(TARGET_NAME)";
			};
			name = Release;
		};
		10B203641D50838500CB12EE /* Debug */ = {
			isa = XCBuildConfiguration;
			buildSettings = {
				BUNDLE_LOADER = "$(TEST_HOST)";
				INFOPLIST_FILE = ViewrForFlickrFinalTests/Info.plist;
				LD_RUNPATH_SEARCH_PATHS = "$(inherited) @executable_path/Frameworks @loader_path/Frameworks";
				PRODUCT_BUNDLE_IDENTIFIER = com.deadjay.ViewrForFlickrFinalTests;
				PRODUCT_NAME = "$(TARGET_NAME)";
				TEST_HOST = "$(BUILT_PRODUCTS_DIR)/ViewrForFlickrFinal.app/ViewrForFlickrFinal";
			};
			name = Debug;
		};
		10B203651D50838500CB12EE /* Release */ = {
			isa = XCBuildConfiguration;
			buildSettings = {
				BUNDLE_LOADER = "$(TEST_HOST)";
				INFOPLIST_FILE = ViewrForFlickrFinalTests/Info.plist;
				LD_RUNPATH_SEARCH_PATHS = "$(inherited) @executable_path/Frameworks @loader_path/Frameworks";
				PRODUCT_BUNDLE_IDENTIFIER = com.deadjay.ViewrForFlickrFinalTests;
				PRODUCT_NAME = "$(TARGET_NAME)";
				TEST_HOST = "$(BUILT_PRODUCTS_DIR)/ViewrForFlickrFinal.app/ViewrForFlickrFinal";
			};
			name = Release;
		};
		10B203671D50838500CB12EE /* Debug */ = {
			isa = XCBuildConfiguration;
			buildSettings = {
				INFOPLIST_FILE = ViewrForFlickrFinalUITests/Info.plist;
				LD_RUNPATH_SEARCH_PATHS = "$(inherited) @executable_path/Frameworks @loader_path/Frameworks";
				PRODUCT_BUNDLE_IDENTIFIER = com.deadjay.ViewrForFlickrFinalUITests;
				PRODUCT_NAME = "$(TARGET_NAME)";
				TEST_TARGET_NAME = ViewrForFlickrFinal;
			};
			name = Debug;
		};
		10B203681D50838500CB12EE /* Release */ = {
			isa = XCBuildConfiguration;
			buildSettings = {
				INFOPLIST_FILE = ViewrForFlickrFinalUITests/Info.plist;
				LD_RUNPATH_SEARCH_PATHS = "$(inherited) @executable_path/Frameworks @loader_path/Frameworks";
				PRODUCT_BUNDLE_IDENTIFIER = com.deadjay.ViewrForFlickrFinalUITests;
				PRODUCT_NAME = "$(TARGET_NAME)";
				TEST_TARGET_NAME = ViewrForFlickrFinal;
			};
			name = Release;
		};
/* End XCBuildConfiguration section */

/* Begin XCConfigurationList section */
		10B2032B1D50838300CB12EE /* Build configuration list for PBXProject "ViewrForFlickrFinal" */ = {
			isa = XCConfigurationList;
			buildConfigurations = (
				10B2035E1D50838500CB12EE /* Debug */,
				10B2035F1D50838500CB12EE /* Release */,
			);
			defaultConfigurationIsVisible = 0;
			defaultConfigurationName = Release;
		};
		10B203601D50838500CB12EE /* Build configuration list for PBXNativeTarget "ViewrForFlickrFinal" */ = {
			isa = XCConfigurationList;
			buildConfigurations = (
				10B203611D50838500CB12EE /* Debug */,
				10B203621D50838500CB12EE /* Release */,
			);
			defaultConfigurationIsVisible = 0;
			defaultConfigurationName = Release;
		};
		10B203631D50838500CB12EE /* Build configuration list for PBXNativeTarget "ViewrForFlickrFinalTests" */ = {
			isa = XCConfigurationList;
			buildConfigurations = (
				10B203641D50838500CB12EE /* Debug */,
				10B203651D50838500CB12EE /* Release */,
			);
			defaultConfigurationIsVisible = 0;
			defaultConfigurationName = Release;
		};
		10B203661D50838500CB12EE /* Build configuration list for PBXNativeTarget "ViewrForFlickrFinalUITests" */ = {
			isa = XCConfigurationList;
			buildConfigurations = (
				10B203671D50838500CB12EE /* Debug */,
				10B203681D50838500CB12EE /* Release */,
			);
			defaultConfigurationIsVisible = 0;
			defaultConfigurationName = Release;
		};
/* End XCConfigurationList section */

/* Begin XCVersionGroup section */
		10B2033F1D50838400CB12EE /* ViewrForFlickrFinal.xcdatamodeld */ = {
			isa = XCVersionGroup;
			children = (
				10B203401D50838400CB12EE /* ViewrForFlickrFinal.xcdatamodel */,
			);
			currentVersion = 10B203401D50838400CB12EE /* ViewrForFlickrFinal.xcdatamodel */;
			path = ViewrForFlickrFinal.xcdatamodeld;
			sourceTree = "<group>";
			versionGroupType = wrapper.xcdatamodel;
		};
/* End XCVersionGroup section */
	};
	rootObject = 10B203281D50838300CB12EE /* Project object */;
}
